
Microsoft Visual Studio Solution File, Format Version 12.00
# Visual Studio Version 17
VisualStudioVersion = 17.2.32602.215
MinimumVisualStudioVersion = 10.0.40219.1
Project("{9A19103F-16F7-4668-BE54-9A1E7A4F7556}") = "Blazor", "Blazor\Blazor.csproj", "{06DD30C1-DDA1-4DDC-BFB5-2A1BD96C4391}"
EndProject
Project("{9A19103F-16F7-4668-BE54-9A1E7A4F7556}") = "Modelos", "Modelos\Modelos.csproj", "{AA92BE31-A1B6-4F37-9E36-B32C654E2EBC}"
EndProject
Project("{9A19103F-16F7-4668-BE54-9A1E7A4F7556}") = "Datos", "Datos\Datos.csproj", "{793F2AEA-38A0-41A4-846E-DA82FEC66238}"
EndProject
Global
	GlobalSection(SolutionConfigurationPlatforms) = preSolution
		Debug|Any CPU = Debug|Any CPU
		Release|Any CPU = Release|Any CPU
	EndGlobalSection
	GlobalSection(ProjectConfigurationPlatforms) = postSolution
		{06DD30C1-DDA1-4DDC-BFB5-2A1BD96C4391}.Debug|Any CPU.ActiveCfg = Debug|Any CPU
		{06DD30C1-DDA1-4DDC-BFB5-2A1BD96C4391}.Debug|Any CPU.Build.0 = Debug|Any CPU
		{06DD30C1-DDA1-4DDC-BFB5-2A1BD96C4391}.Release|Any CPU.ActiveCfg = Release|Any CPU
		{06DD30C1-DDA1-4DDC-BFB5-2A1BD96C4391}.Release|Any CPU.Build.0 = Release|Any CPU
		{AA92BE31-A1B6-4F37-9E36-B32C654E2EBC}.Debug|Any CPU.ActiveCfg = Debug|Any CPU
		{AA92BE31-A1B6-4F37-9E36-B32C654E2EBC}.Debug|Any CPU.Build.0 = Debug|Any CPU
		{AA92BE31-A1B6-4F37-9E36-B32C654E2EBC}.Release|Any CPU.ActiveCfg = Release|Any CPU
		{AA92BE31-A1B6-4F37-9E36-B32C654E2EBC}.Release|Any CPU.Build.0 = Release|Any CPU
		{793F2AEA-38A0-41A4-846E-DA82FEC66238}.Debug|Any CPU.ActiveCfg = Debug|Any CPU
		{793F2AEA-38A0-41A4-846E-DA82FEC66238}.Debug|Any CPU.Build.0 = Debug|Any CPU
		{793F2AEA-38A0-41A4-846E-DA82FEC66238}.Release|Any CPU.ActiveCfg = Release|Any CPU
		{793F2AEA-38A0-41A4-846E-DA82FEC66238}.Release|Any CPU.Build.0 = Release|Any CPU
	EndGlobalSection
	GlobalSection(SolutionProperties) = preSolution
		HideSolutionNode = FALSE
	EndGlobalSection
	GlobalSection(ExtensibilityGlobals) = postSolution
		SolutionGuid = {FE31E9E5-9BA5-4A5A-B571-65B28C8F40C7}
	EndGlobalSection
EndGlobal
